
Microsoft Visual Studio Solution File, Format Version 12.00
# Visual Studio 15
VisualStudioVersion = 15.0.28307.1705
MinimumVisualStudioVersion = 10.0.40219.1
Project("{9A19103F-16F7-4668-BE54-9A1E7A4F7556}") = "EmployeeManagement3", "EmployeeManagement3\EmployeeManagement3.csproj", "{8AA0C449-C0D4-48B9-B3F9-ED51F58E3BDE}"
EndProject
Global
	GlobalSection(SolutionConfigurationPlatforms) = preSolution
		Debug|Any CPU = Debug|Any CPU
		Release|Any CPU = Release|Any CPU
	EndGlobalSection
	GlobalSection(ProjectConfigurationPlatforms) = postSolution
		{8AA0C449-C0D4-48B9-B3F9-ED51F58E3BDE}.Debug|Any CPU.ActiveCfg = Debug|Any CPU
		{8AA0C449-C0D4-48B9-B3F9-ED51F58E3BDE}.Debug|Any CPU.Build.0 = Debug|Any CPU
		{8AA0C449-C0D4-48B9-B3F9-ED51F58E3BDE}.Release|Any CPU.ActiveCfg = Release|Any CPU
		{8AA0C449-C0D4-48B9-B3F9-ED51F58E3BDE}.Release|Any CPU.Build.0 = Release|Any CPU
	EndGlobalSection
	GlobalSection(SolutionProperties) = preSolution
		HideSolutionNode = FALSE
	EndGlobalSection
	GlobalSection(ExtensibilityGlobals) = postSolution
		SolutionGuid = {0CD99426-A728-440E-B6F0-DDC8FB768208}
	EndGlobalSection
EndGlobal
